
Microsoft Visual Studio Solution File, Format Version 12.00
# Visual Studio Version 17
VisualStudioVersion = 17.0.31903.59
MinimumVisualStudioVersion = 10.0.40219.1
Project("{2150E333-8FDC-42A3-9474-1A3956D46DE8}") = "src", "src", "{7B728EBE-7F7C-459C-875D-991A9D6E5DFA}"
EndProject
Project("{FAE04EC0-301F-11D3-BF4B-00C04F79EFBC}") = "Rovia.Core", "src\Rovia.Core\Rovia.Core.csproj", "{BF3F08EF-9593-40F4-B220-9D5FBCCC8936}"
EndProject
Project("{FAE04EC0-301F-11D3-BF4B-00C04F79EFBC}") = "Rovia.Config", "src\Rovia.Config\Rovia.Config.csproj", "{6ACDEB09-440A-48A3-93B0-E9D4F0A013D8}"
EndProject
Project("{FAE04EC0-301F-11D3-BF4B-00C04F79EFBC}") = "Rovia.Backends", "src\Rovia.Backends\Rovia.Backends.csproj", "{0DCF37F9-2EC2-437F-98E4-C1565FAE5B41}"
EndProject
Project("{FAE04EC0-301F-11D3-BF4B-00C04F79EFBC}") = "Rovia.Cli", "src\Rovia.Cli\Rovia.Cli.csproj", "{521625BE-15C8-44C9-AAF9-3C4A398E8BAF}"
EndProject
Project("{2150E333-8FDC-42A3-9474-1A3956D46DE8}") = "tests", "tests", "{5EA0D368-162B-47B1-87D0-BE78519D9618}"
EndProject
Project("{FAE04EC0-301F-11D3-BF4B-00C04F79EFBC}") = "Rovia.Core.Tests", "tests\Rovia.Core.Tests\Rovia.Core.Tests.csproj", "{1956DCE5-3A00-42C9-A9FA-D2F518BE232E}"
EndProject
Project("{FAE04EC0-301F-11D3-BF4B-00C04F79EFBC}") = "Rovia.Config.Tests", "tests\Rovia.Config.Tests\Rovia.Config.Tests.csproj", "{40CB4830-CB80-439B-9F31-BC1B54ACF09F}"
EndProject
Project("{FAE04EC0-301F-11D3-BF4B-00C04F79EFBC}") = "Rovia.Backends.Tests", "tests\Rovia.Backends.Tests\Rovia.Backends.Tests.csproj", "{4B70A527-F729-4CE1-9BE9-5B2B369D6A88}"
EndProject
Project("{FAE04EC0-301F-11D3-BF4B-00C04F79EFBC}") = "Rovia.Runtime", "src\Rovia.Runtime\Rovia.Runtime.csproj", "{B1DDDBFA-1505-4CA0-ACC1-758119522039}"
EndProject
Project("{FAE04EC0-301F-11D3-BF4B-00C04F79EFBC}") = "Rovia.Runtime.Tests", "tests\Rovia.Runtime.Tests\Rovia.Runtime.Tests.csproj", "{16A74757-3B2D-4D2B-8A78-FF862CC110B3}"
EndProject
Project("{FAE04EC0-301F-11D3-BF4B-00C04F79EFBC}") = "Rovia.Platform.Windows", "src\Rovia.Platform.Windows\Rovia.Platform.Windows.csproj", "{AE20626D-76B3-4065-A1DF-BC8D645D4D44}"
EndProject
Project("{FAE04EC0-301F-11D3-BF4B-00C04F79EFBC}") = "Rovia.Platform.Windows.Tests", "tests\Rovia.Platform.Windows.Tests\Rovia.Platform.Windows.Tests.csproj", "{62E83BA6-B764-4EDD-9617-0E9C5CC77E35}"
EndProject
Global
	GlobalSection(SolutionConfigurationPlatforms) = preSolution
		Debug|Any CPU = Debug|Any CPU
		Release|Any CPU = Release|Any CPU
	EndGlobalSection
	GlobalSection(SolutionProperties) = preSolution
		HideSolutionNode = FALSE
	EndGlobalSection
	GlobalSection(ProjectConfigurationPlatforms) = postSolution
		{BF3F08EF-9593-40F4-B220-9D5FBCCC8936}.Debug|Any CPU.ActiveCfg = Debug|Any CPU
		{BF3F08EF-9593-40F4-B220-9D5FBCCC8936}.Debug|Any CPU.Build.0 = Debug|Any CPU
		{BF3F08EF-9593-40F4-B220-9D5FBCCC8936}.Release|Any CPU.ActiveCfg = Release|Any CPU
		{BF3F08EF-9593-40F4-B220-9D5FBCCC8936}.Release|Any CPU.Build.0 = Release|Any CPU
		{6ACDEB09-440A-48A3-93B0-E9D4F0A013D8}.Debug|Any CPU.ActiveCfg = Debug|Any CPU
		{6ACDEB09-440A-48A3-93B0-E9D4F0A013D8}.Debug|Any CPU.Build.0 = Debug|Any CPU
		{6ACDEB09-440A-48A3-93B0-E9D4F0A013D8}.Release|Any CPU.ActiveCfg = Release|Any CPU
		{6ACDEB09-440A-48A3-93B0-E9D4F0A013D8}.Release|Any CPU.Build.0 = Release|Any CPU
		{0DCF37F9-2EC2-437F-98E4-C1565FAE5B41}.Debug|Any CPU.ActiveCfg = Debug|Any CPU
		{0DCF37F9-2EC2-437F-98E4-C1565FAE5B41}.Debug|Any CPU.Build.0 = Debug|Any CPU
		{0DCF37F9-2EC2-437F-98E4-C1565FAE5B41}.Release|Any CPU.ActiveCfg = Release|Any CPU
		{0DCF37F9-2EC2-437F-98E4-C1565FAE5B41}.Release|Any CPU.Build.0 = Release|Any CPU
		{521625BE-15C8-44C9-AAF9-3C4A398E8BAF}.Debug|Any CPU.ActiveCfg = Debug|Any CPU
		{521625BE-15C8-44C9-AAF9-3C4A398E8BAF}.Debug|Any CPU.Build.0 = Debug|Any CPU
		{521625BE-15C8-44C9-AAF9-3C4A398E8BAF}.Release|Any CPU.ActiveCfg = Release|Any CPU
		{521625BE-15C8-44C9-AAF9-3C4A398E8BAF}.Release|Any CPU.Build.0 = Release|Any CPU
		{1956DCE5-3A00-42C9-A9FA-D2F518BE232E}.Debug|Any CPU.ActiveCfg = Debug|Any CPU
		{1956DCE5-3A00-42C9-A9FA-D2F518BE232E}.Debug|Any CPU.Build.0 = Debug|Any CPU
		{1956DCE5-3A00-42C9-A9FA-D2F518BE232E}.Release|Any CPU.ActiveCfg = Release|Any CPU
		{1956DCE5-3A00-42C9-A9FA-D2F518BE232E}.Release|Any CPU.Build.0 = Release|Any CPU
		{40CB4830-CB80-439B-9F31-BC1B54ACF09F}.Debug|Any CPU.ActiveCfg = Debug|Any CPU
		{40CB4830-CB80-439B-9F31-BC1B54ACF09F}.Debug|Any CPU.Build.0 = Debug|Any CPU
		{40CB4830-CB80-439B-9F31-BC1B54ACF09F}.Release|Any CPU.ActiveCfg = Release|Any CPU
		{40CB4830-CB80-439B-9F31-BC1B54ACF09F}.Release|Any CPU.Build.0 = Release|Any CPU
		{4B70A527-F729-4CE1-9BE9-5B2B369D6A88}.Debug|Any CPU.ActiveCfg = Debug|Any CPU
		{4B70A527-F729-4CE1-9BE9-5B2B369D6A88}.Debug|Any CPU.Build.0 = Debug|Any CPU
		{4B70A527-F729-4CE1-9BE9-5B2B369D6A88}.Release|Any CPU.ActiveCfg = Release|Any CPU
		{4B70A527-F729-4CE1-9BE9-5B2B369D6A88}.Release|Any CPU.Build.0 = Release|Any CPU
		{B1DDDBFA-1505-4CA0-ACC1-758119522039}.Debug|Any CPU.ActiveCfg = Debug|Any CPU
		{B1DDDBFA-1505-4CA0-ACC1-758119522039}.Debug|Any CPU.Build.0 = Debug|Any CPU
		{B1DDDBFA-1505-4CA0-ACC1-758119522039}.Release|Any CPU.ActiveCfg = Release|Any CPU
		{B1DDDBFA-1505-4CA0-ACC1-758119522039}.Release|Any CPU.Build.0 = Release|Any CPU
		{16A74757-3B2D-4D2B-8A78-FF862CC110B3}.Debug|Any CPU.ActiveCfg = Debug|Any CPU
		{16A74757-3B2D-4D2B-8A78-FF862CC110B3}.Debug|Any CPU.Build.0 = Debug|Any CPU
		{16A74757-3B2D-4D2B-8A78-FF862CC110B3}.Release|Any CPU.ActiveCfg = Release|Any CPU
		{16A74757-3B2D-4D2B-8A78-FF862CC110B3}.Release|Any CPU.Build.0 = Release|Any CPU
		{AE20626D-76B3-4065-A1DF-BC8D645D4D44}.Debug|Any CPU.ActiveCfg = Debug|Any CPU
		{AE20626D-76B3-4065-A1DF-BC8D645D4D44}.Debug|Any CPU.Build.0 = Debug|Any CPU
		{AE20626D-76B3-4065-A1DF-BC8D645D4D44}.Release|Any CPU.ActiveCfg = Release|Any CPU
		{AE20626D-76B3-4065-A1DF-BC8D645D4D44}.Release|Any CPU.Build.0 = Release|Any CPU
		{62E83BA6-B764-4EDD-9617-0E9C5CC77E35}.Debug|Any CPU.ActiveCfg = Debug|Any CPU
		{62E83BA6-B764-4EDD-9617-0E9C5CC77E35}.Debug|Any CPU.Build.0 = Debug|Any CPU
		{62E83BA6-B764-4EDD-9617-0E9C5CC77E35}.Release|Any CPU.ActiveCfg = Release|Any CPU
		{62E83BA6-B764-4EDD-9617-0E9C5CC77E35}.Release|Any CPU.Build.0 = Release|Any CPU
	EndGlobalSection
	GlobalSection(NestedProjects) = preSolution
		{BF3F08EF-9593-40F4-B220-9D5FBCCC8936} = {7B728EBE-7F7C-459C-875D-991A9D6E5DFA}
		{6ACDEB09-440A-48A3-93B0-E9D4F0A013D8} = {7B728EBE-7F7C-459C-875D-991A9D6E5DFA}
		{0DCF37F9-2EC2-437F-98E4-C1565FAE5B41} = {7B728EBE-7F7C-459C-875D-991A9D6E5DFA}
		{521625BE-15C8-44C9-AAF9-3C4A398E8BAF} = {7B728EBE-7F7C-459C-875D-991A9D6E5DFA}
		{1956DCE5-3A00-42C9-A9FA-D2F518BE232E} = {5EA0D368-162B-47B1-87D0-BE78519D9618}
		{40CB4830-CB80-439B-9F31-BC1B54ACF09F} = {5EA0D368-162B-47B1-87D0-BE78519D9618}
		{4B70A527-F729-4CE1-9BE9-5B2B369D6A88} = {5EA0D368-162B-47B1-87D0-BE78519D9618}
		{B1DDDBFA-1505-4CA0-ACC1-758119522039} = {7B728EBE-7F7C-459C-875D-991A9D6E5DFA}
		{16A74757-3B2D-4D2B-8A78-FF862CC110B3} = {5EA0D368-162B-47B1-87D0-BE78519D9618}
		{AE20626D-76B3-4065-A1DF-BC8D645D4D44} = {7B728EBE-7F7C-459C-875D-991A9D6E5DFA}
		{62E83BA6-B764-4EDD-9617-0E9C5CC77E35} = {5EA0D368-162B-47B1-87D0-BE78519D9618}
	EndGlobalSection
EndGlobal
